// !$*UTF8*$!
{
	archiveVersion = 1;
	classes = {
	};
	objectVersion = 46;
	objects = {

/* Begin PBXBuildFile section */
		87AF65471B48EC7600A65656 /* Foundation.framework in Frameworks */ = {isa = PBXBuildFile; fileRef = 87AF65461B48EC7600A65656 /* Foundation.framework */; };
		87AF65491B48EC7600A65656 /* CoreGraphics.framework in Frameworks */ = {isa = PBXBuildFile; fileRef = 87AF65481B48EC7600A65656 /* CoreGraphics.framework */; };
		87AF654B1B48EC7600A65656 /* UIKit.framework in Frameworks */ = {isa = PBXBuildFile; fileRef = 87AF654A1B48EC7600A65656 /* UIKit.framework */; };
		87AF65511B48EC7600A65656 /* InfoPlist.strings in Resources */ = {isa = PBXBuildFile; fileRef = 87AF654F1B48EC7600A65656 /* InfoPlist.strings */; };
		87AF65531B48EC7600A65656 /* main.m in Sources */ = {isa = PBXBuildFile; fileRef = 87AF65521B48EC7600A65656 /* main.m */; };
		87AF65571B48EC7600A65656 /* AppDelegate.m in Sources */ = {isa = PBXBuildFile; fileRef = 87AF65561B48EC7600A65656 /* AppDelegate.m */; };
		87AF65591B48EC7600A65656 /* Images.xcassets in Resources */ = {isa = PBXBuildFile; fileRef = 87AF65581B48EC7600A65656 /* Images.xcassets */; };
		87AF65771B48ED2A00A65656 /* JSONEntity.m in Sources */ = {isa = PBXBuildFile; fileRef = 87AF65761B48ED2A00A65656 /* JSONEntity.m */; };
/* End PBXBuildFile section */

/* Begin PBXFileReference section */
		87AF65431B48EC7600A65656 /* JSONEntity.app */ = {isa = PBXFileReference; explicitFileType = wrapper.application; includeInIndex = 0; path = JSONEntity.app; sourceTree = BUILT_PRODUCTS_DIR; };
		87AF65461B48EC7600A65656 /* Foundation.framework */ = {isa = PBXFileReference; lastKnownFileType = wrapper.framework; name = Foundation.framework; path = System/Library/Frameworks/Foundation.framework; sourceTree = SDKROOT; };
		87AF65481B48EC7600A65656 /* CoreGraphics.framework */ = {isa = PBXFileReference; lastKnownFileType = wrapper.framework; name = CoreGraphics.framework; path = System/Library/Frameworks/CoreGraphics.framework; sourceTree = SDKROOT; };
		87AF654A1B48EC7600A65656 /* UIKit.framework */ = {isa = PBXFileReference; lastKnownFileType = wrapper.framework; name = UIKit.framework; path = System/Library/Frameworks/UIKit.framework; sourceTree = SDKROOT; };
		87AF654E1B48EC7600A65656 /* JSONEntity-Info.plist */ = {isa = PBXFileReference; lastKnownFileType = text.plist.xml; path = "JSONEntity-Info.plist"; sourceTree = "<group>"; };
		87AF65501B48EC7600A65656 /* en */ = {isa = PBXFileReference; lastKnownFileType = text.plist.strings; name = en; path = en.lproj/InfoPlist.strings; sourceTree = "<group>"; };
		87AF65521B48EC7600A65656 /* main.m */ = {isa = PBXFileReference; lastKnownFileType = sourcecode.c.objc; path = main.m; sourceTree = "<group>"; };
		87AF65541B48EC7600A65656 /* JSONEntity-Prefix.pch */ = {isa = PBXFileReference; lastKnownFileType = sourcecode.c.h; path = "JSONEntity-Prefix.pch"; sourceTree = "<group>"; };
		87AF65551B48EC7600A65656 /* AppDelegate.h */ = {isa = PBXFileReference; lastKnownFileType = sourcecode.c.h; path = AppDelegate.h; sourceTree = "<group>"; };
		87AF65561B48EC7600A65656 /* AppDelegate.m */ = {isa = PBXFileReference; lastKnownFileType = sourcecode.c.objc; path = AppDelegate.m; sourceTree = "<group>"; };
		87AF65581B48EC7600A65656 /* Images.xcassets */ = {isa = PBXFileReference; lastKnownFileType = folder.assetcatalog; path = Images.xcassets; sourceTree = "<group>"; };
		87AF655F1B48EC7600A65656 /* XCTest.framework */ = {isa = PBXFileReference; lastKnownFileType = wrapper.framework; name = XCTest.framework; path = Library/Frameworks/XCTest.framework; sourceTree = DEVELOPER_DIR; };
		87AF65751B48ED2A00A65656 /* JSONEntity.h */ = {isa = PBXFileReference; fileEncoding = 4; lastKnownFileType = sourcecode.c.h; path = JSONEntity.h; sourceTree = "<group>"; };
		87AF65761B48ED2A00A65656 /* JSONEntity.m */ = {isa = PBXFileReference; fileEncoding = 4; lastKnownFileType = sourcecode.c.objc; path = JSONEntity.m; sourceTree = "<group>"; };
/* End PBXFileReference section */

/* Begin PBXFrameworksBuildPhase section */
		87AF65401B48EC7600A65656 /* Frameworks */ = {
			isa = PBXFrameworksBuildPhase;
			buildActionMask = 2147483647;
			files = (
				87AF65491B48EC7600A65656 /* CoreGraphics.framework in Frameworks */,
				87AF654B1B48EC7600A65656 /* UIKit.framework in Frameworks */,
				87AF65471B48EC7600A65656 /* Foundation.framework in Frameworks */,
			);
			runOnlyForDeploymentPostprocessing = 0;
		};
/* End PBXFrameworksBuildPhase section */

/* Begin PBXGroup section */
		87AF653A1B48EC7600A65656 = {
			isa = PBXGroup;
			children = (
				87AF654C1B48EC7600A65656 /* JSONEntity */,
				87AF65451B48EC7600A65656 /* Frameworks */,
				87AF65441B48EC7600A65656 /* Products */,
			);
			sourceTree = "<group>";
		};
		87AF65441B48EC7600A65656 /* Products */ = {
			isa = PBXGroup;
			children = (
				87AF65431B48EC7600A65656 /* JSONEntity.app */,
			);
			name = Products;
			sourceTree = "<group>";
		};
		87AF65451B48EC7600A65656 /* Frameworks */ = {
			isa = PBXGroup;
			children = (
				87AF65461B48EC7600A65656 /* Foundation.framework */,
				87AF65481B48EC7600A65656 /* CoreGraphics.framework */,
				87AF654A1B48EC7600A65656 /* UIKit.framework */,
				87AF655F1B48EC7600A65656 /* XCTest.framework */,
			);
			name = Frameworks;
			sourceTree = "<group>";
		};
		87AF654C1B48EC7600A65656 /* JSONEntity */ = {
			isa = PBXGroup;
			children = (
				87AF65551B48EC7600A65656 /* AppDelegate.h */,
				87AF65561B48EC7600A65656 /* AppDelegate.m */,
				87AF65751B48ED2A00A65656 /* JSONEntity.h */,
				87AF65761B48ED2A00A65656 /* JSONEntity.m */,
				87AF65581B48EC7600A65656 /* Images.xcassets */,
				87AF654D1B48EC7600A65656 /* Supporting Files */,
			);
			path = JSONEntity;
			sourceTree = "<group>";
		};
		87AF654D1B48EC7600A65656 /* Supporting Files */ = {
			isa = PBXGroup;
			children = (
				87AF654E1B48EC7600A65656 /* JSONEntity-Info.plist */,
				87AF654F1B48EC7600A65656 /* InfoPlist.strings */,
				87AF65521B48EC7600A65656 /* main.m */,
				87AF65541B48EC7600A65656 /* JSONEntity-Prefix.pch */,
			);
			name = "Supporting Files";
			sourceTree = "<group>";
		};
/* End PBXGroup section */

/* Begin PBXNativeTarget section */
		87AF65421B48EC7600A65656 /* JSONEntity */ = {
			isa = PBXNativeTarget;
			buildConfigurationList = 87AF656F1B48EC7600A65656 /* Build configuration list for PBXNativeTarget "JSONEntity" */;
			buildPhases = (
				87AF653F1B48EC7600A65656 /* Sources */,
				87AF65401B48EC7600A65656 /* Frameworks */,
				87AF65411B48EC7600A65656 /* Resources */,
			);
			buildRules = (
			);
			dependencies = (
			);
			name = JSONEntity;
			productName = JSONEntity;
			productReference = 87AF65431B48EC7600A65656 /* JSONEntity.app */;
			productType = "com.apple.product-type.application";
		};
/* End PBXNativeTarget section */

/* Begin PBXProject section */
		87AF653B1B48EC7600A65656 /* Project object */ = {
			isa = PBXProject;
			attributes = {
				LastUpgradeCheck = 0510;
				ORGANIZATIONNAME = danal;
			};
			buildConfigurationList = 87AF653E1B48EC7600A65656 /* Build configuration list for PBXProject "JSONEntity" */;
			compatibilityVersion = "Xcode 3.2";
			developmentRegion = English;
			hasScannedForEncodings = 0;
			knownRegions = (
				en,
			);
			mainGroup = 87AF653A1B48EC7600A65656;
			productRefGroup = 87AF65441B48EC7600A65656 /* Products */;
			projectDirPath = "";
			projectRoot = "";
			targets = (
				87AF65421B48EC7600A65656 /* JSONEntity */,
			);
		};
/* End PBXProject section */

/* Begin PBXResourcesBuildPhase section */
		87AF65411B48EC7600A65656 /* Resources */ = {
			isa = PBXResourcesBuildPhase;
			buildActionMask = 2147483647;
			files = (
				87AF65511B48EC7600A65656 /* InfoPlist.strings in Resources */,
				87AF65591B48EC7600A65656 /* Images.xcassets in Resources */,
			);
			runOnlyForDeploymentPostprocessing = 0;
		};
/* End PBXResourcesBuildPhase section */

/* Begin PBXSourcesBuildPhase section */
		87AF653F1B48EC7600A65656 /* Sources */ = {
			isa = PBXSourcesBuildPhase;
			buildActionMask = 2147483647;
			files = (
				87AF65571B48EC7600A65656 /* AppDelegate.m in Sources */,
				87AF65771B48ED2A00A65656 /* JSONEntity.m in Sources */,
				87AF65531B48EC7600A65656 /* main.m in Sources */,
			);
			runOnlyForDeploymentPostprocessing = 0;
		};
/* End PBXSourcesBuildPhase section */

/* Begin PBXVariantGroup section */
		87AF654F1B48EC7600A65656 /* InfoPlist.strings */ = {
			isa = PBXVariantGroup;
			children = (
				87AF65501B48EC7600A65656 /* en */,
			);
			name = InfoPlist.strings;
			sourceTree = "<group>";
		};
/* End PBXVariantGroup section */

/* Begin XCBuildConfiguration section */
		87AF656D1B48EC7600A65656 /* Debug */ = {
			isa = XCBuildConfiguration;
			buildSettings = {
				ALWAYS_SEARCH_USER_PATHS = NO;
				CLANG_CXX_LANGUAGE_STANDARD = "gnu++0x";
				CLANG_CXX_LIBRARY = "libc++";
				CLANG_ENABLE_MODULES = YES;
				CLANG_ENABLE_OBJC_ARC = YES;
				CLANG_WARN_BOOL_CONVERSION = YES;
				CLANG_WARN_CONSTANT_CONVERSION = YES;
				CLANG_WARN_DIRECT_OBJC_ISA_USAGE = YES_ERROR;
				CLANG_WARN_EMPTY_BODY = YES;
				CLANG_WARN_ENUM_CONVERSION = YES;
				CLANG_WARN_INT_CONVERSION = YES;
				CLANG_WARN_OBJC_ROOT_CLASS = YES_ERROR;
				CLANG_WARN__DUPLICATE_METHOD_MATCH = YES;
				"CODE_SIGN_IDENTITY[sdk=iphoneos*]" = "iPhone Developer";
				COPY_PHASE_STRIP = NO;
				GCC_C_LANGUAGE_STANDARD = gnu99;
				GCC_DYNAMIC_NO_PIC = NO;
				GCC_OPTIMIZATION_LEVEL = 0;
				GCC_PREPROCESSOR_DEFINITIONS = (
					"DEBUG=1",
					"$(inherited)",
				);
				GCC_SYMBOLS_PRIVATE_EXTERN = NO;
				GCC_WARN_64_TO_32_BIT_CONVERSION = YES;
				GCC_WARN_ABOUT_RETURN_TYPE = YES_ERROR;
				GCC_WARN_UNDECLARED_SELECTOR = YES;
				GCC_WARN_UNINITIALIZED_AUTOS = YES_AGGRESSIVE;
				GCC_WARN_UNUSED_FUNCTION = YES;
				GCC_WARN_UNUSED_VARIABLE = YES;
				IPHONEOS_DEPLOYMENT_TARGET = 7.1;
				ONLY_ACTIVE_ARCH = YES;
				SDKROOT = iphoneos;
			};
			name = Debug;
		};
		87AF656E1B48EC7600A65656 /* Release */ = {
			isa = XCBuildConfiguration;
			buildSettings = {
				ALWAYS_SEARCH_USER_PATHS = NO;
				CLANG_CXX_LANGUAGE_STANDARD = "gnu++0x";
				CLANG_CXX_LIBRARY = "libc++";
				CLANG_ENABLE_MODULES = YES;
				CLANG_ENABLE_OBJC_ARC = YES;
				CLANG_WARN_BOOL_CONVERSION = YES;
				CLANG_WARN_CONSTANT_CONVERSION = YES;
				CLANG_WARN_DIRECT_OBJC_ISA_USAGE = YES_ERROR;
				CLANG_WARN_EMPTY_BODY = YES;
				CLANG_WARN_ENUM_CONVERSION = YES;
				CLANG_WARN_INT_CONVERSION = YES;
				CLANG_WARN_OBJC_ROOT_CLASS = YES_ERROR;
				CLANG_WARN__DUPLICATE_METHOD_MATCH = YES;
				"CODE_SIGN_IDENTITY[sdk=iphoneos*]" = "iPhone Developer";
				COPY_PHASE_STRIP = YES;
				ENABLE_NS_ASSERTIONS = NO;
				GCC_C_LANGUAGE_STANDARD = gnu99;
				GCC_WARN_64_TO_32_BIT_CONVERSION = YES;
				GCC_WARN_ABOUT_RETURN_TYPE = YES_ERROR;
				GCC_WARN_UNDECLARED_SELECTOR = YES;
				GCC_WARN_UNINITIALIZED_AUTOS = YES_AGGRESSIVE;
				GCC_WARN_UNUSED_FUNCTION = YES;
				GCC_WARN_UNUSED_VARIABLE = YES;
				IPHONEOS_DEPLOYMENT_TARGET = 7.1;
				SDKROOT = iphoneos;
				VALIDATE_PRODUCT = YES;
			};
			name = Release;
		};
		87AF65701B48EC7600A65656 /* Debug */ = {
			isa = XCBuildConfiguration;
			buildSettings = {
				ASSETCATALOG_COMPILER_APPICON_NAME = AppIcon;
				ASSETCATALOG_COMPILER_LAUNCHIMAGE_NAME = LaunchImage;
				GCC_PRECOMPILE_PREFIX_HEADER = YES;
				GCC_PREFIX_HEADER = "JSONEntity/JSONEntity-Prefix.pch";
				INFOPLIST_FILE = "JSONEntity/JSONEntity-Info.plist";
				PRODUCT_NAME = "$(TARGET_NAME)";
				WRAPPER_EXTENSION = app;
			};
			name = Debug;
		};
		87AF65711B48EC7600A65656 /* Release */ = {
			isa = XCBuildConfiguration;
			buildSettings = {
				ASSETCATALOG_COMPILER_APPICON_NAME = AppIcon;
				ASSETCATALOG_COMPILER_LAUNCHIMAGE_NAME = LaunchImage;
				GCC_PRECOMPILE_PREFIX_HEADER = YES;
				GCC_PREFIX_HEADER = "JSONEntity/JSONEntity-Prefix.pch";
				INFOPLIST_FILE = "JSONEntity/JSONEntity-Info.plist";
				PRODUCT_NAME = "$(TARGET_NAME)";
				WRAPPER_EXTENSION = app;
			};
			name = Release;
		};
/* End XCBuildConfiguration section */

/* Begin XCConfigurationList section */
		87AF653E1B48EC7600A65656 /* Build configuration list for PBXProject "JSONEntity" */ = {
			isa = XCConfigurationList;
			buildConfigurations = (
				87AF656D1B48EC7600A65656 /* Debug */,
				87AF656E1B48EC7600A65656 /* Release */,
			);
			defaultConfigurationIsVisible = 0;
			defaultConfigurationName = Release;
		};
		87AF656F1B48EC7600A65656 /* Build configuration list for PBXNativeTarget "JSONEntity" */ = {
			isa = XCConfigurationList;
			buildConfigurations = (
				87AF65701B48EC7600A65656 /* Debug */,
				87AF65711B48EC7600A65656 /* Release */,
			);
			defaultConfigurationIsVisible = 0;
			defaultConfigurationName = Release;
		};
/* End XCConfigurationList section */
	};
	rootObject = 87AF653B1B48EC7600A65656 /* Project object */;
}
